
Microsoft Visual Studio Solution File, Format Version 12.00
# Visual Studio Version 17
VisualStudioVersion = 17.5.002.0
MinimumVisualStudioVersion = 10.0.40219.1
Project("{9A19103F-16F7-4668-BE54-9A1E7A4F7556}") = "ITI_MVC_Asssignment", "ITI_MVC_Asssignment.csproj", "{8AAE54EF-189F-4D5D-817D-F78DB57E3843}"
EndProject
Global
	GlobalSection(SolutionConfigurationPlatforms) = preSolution
		Debug|Any CPU = Debug|Any CPU
		Release|Any CPU = Release|Any CPU
	EndGlobalSection
	GlobalSection(ProjectConfigurationPlatforms) = postSolution
		{8AAE54EF-189F-4D5D-817D-F78DB57E3843}.Debug|Any CPU.ActiveCfg = Debug|Any CPU
		{8AAE54EF-189F-4D5D-817D-F78DB57E3843}.Debug|Any CPU.Build.0 = Debug|Any CPU
		{8AAE54EF-189F-4D5D-817D-F78DB57E3843}.Release|Any CPU.ActiveCfg = Release|Any CPU
		{8AAE54EF-189F-4D5D-817D-F78DB57E3843}.Release|Any CPU.Build.0 = Release|Any CPU
	EndGlobalSection
	GlobalSection(SolutionProperties) = preSolution
		HideSolutionNode = FALSE
	EndGlobalSection
	GlobalSection(ExtensibilityGlobals) = postSolution
		SolutionGuid = {432BFD9C-370E-43C6-A467-B42283904B6D}
	EndGlobalSection
EndGlobal
